
Microsoft Visual Studio Solution File, Format Version 12.00
# Visual Studio Version 16
VisualStudioVersion = 16.0.30011.22
MinimumVisualStudioVersion = 10.0.40219.1
Project("{2150E333-8FDC-42A3-9474-1A3956D46DE8}") = "src", "src", "{5EAB780C-96E8-4AD5-B27E-A08773FE6720}"
EndProject
Project("{2150E333-8FDC-42A3-9474-1A3956D46DE8}") = "Catalog", "Catalog", "{E349D5CD-7D7A-404C-9A1A-CA61B534CDD3}"
EndProject
Project("{9A19103F-16F7-4668-BE54-9A1E7A4F7556}") = "Catalog.API", "src\Catalog\Catalog.API\Catalog.API.csproj", "{0E263EF3-ED9A-4C21-965D-A07C2AED75D2}"
EndProject
Project("{E53339B2-1760-4266-BCC7-CA923CBCF16C}") = "docker-compose", "docker-compose.dcproj", "{AA82EEB8-28DE-440B-A221-1B752EBFDC6C}"
EndProject
Project("{2150E333-8FDC-42A3-9474-1A3956D46DE8}") = "Basket", "Basket", "{CBB4FCB3-FDC7-447A-9707-6F02258B744A}"
EndProject
Project("{9A19103F-16F7-4668-BE54-9A1E7A4F7556}") = "Basket.API", "src\Basket\Basket.API\Basket.API.csproj", "{A55359E9-7B10-46E7-9BC3-6D2C1675B9AD}"
EndProject
Project("{2150E333-8FDC-42A3-9474-1A3956D46DE8}") = "Common", "Common", "{87FC2387-173B-4947-9316-51D8445D4797}"
EndProject
Project("{9A19103F-16F7-4668-BE54-9A1E7A4F7556}") = "EventBusRabbitMQ", "src\Common\EventBusRabbitMQ\EventBusRabbitMQ.csproj", "{B5939600-101F-4773-8FB3-229B5F092FD8}"
EndProject
Project("{2150E333-8FDC-42A3-9474-1A3956D46DE8}") = "Ordering", "Ordering", "{D2BF2C97-5A98-4720-A2E4-EF608740659B}"
EndProject
Project("{9A19103F-16F7-4668-BE54-9A1E7A4F7556}") = "Ordering.API", "src\Ordering\Ordering.API\Ordering.API.csproj", "{E00E32B3-570A-4A07-A076-AC5A48B0FAE6}"
EndProject
Project("{9A19103F-16F7-4668-BE54-9A1E7A4F7556}") = "Ordering.Core", "src\Ordering\Ordering.Core\Ordering.Core.csproj", "{FFDB6484-6117-4A06-A363-C55352F821CD}"
EndProject
Project("{9A19103F-16F7-4668-BE54-9A1E7A4F7556}") = "Ordering.Infrastructure", "src\Ordering\Ordering.Infrastructure\Ordering.Infrastructure.csproj", "{2922EA60-7882-4898-A6F0-3734B350A2DB}"
EndProject
Project("{9A19103F-16F7-4668-BE54-9A1E7A4F7556}") = "Ordering.Application", "src\Ordering\Ordering.Application\Ordering.Application.csproj", "{A28B9F94-E0D0-42A7-8F6F-912767FD34BA}"
EndProject
Project("{2150E333-8FDC-42A3-9474-1A3956D46DE8}") = "ApiGateway", "ApiGateway", "{02BC6A8E-6330-4737-9E72-314067E6A86B}"
EndProject
Project("{FAE04EC0-301F-11D3-BF4B-00C04F79EFBC}") = "OcelotAPIGateway", "src\ApiGateway\OcelotAPIGateway\OcelotAPIGateway.csproj", "{07C9480D-1363-4FC6-8F1C-CD846CC62864}"
EndProject
Global
	GlobalSection(SolutionConfigurationPlatforms) = preSolution
		Debug|Any CPU = Debug|Any CPU
		Release|Any CPU = Release|Any CPU
	EndGlobalSection
	GlobalSection(ProjectConfigurationPlatforms) = postSolution
		{0E263EF3-ED9A-4C21-965D-A07C2AED75D2}.Debug|Any CPU.ActiveCfg = Debug|Any CPU
		{0E263EF3-ED9A-4C21-965D-A07C2AED75D2}.Debug|Any CPU.Build.0 = Debug|Any CPU
		{0E263EF3-ED9A-4C21-965D-A07C2AED75D2}.Release|Any CPU.ActiveCfg = Release|Any CPU
		{0E263EF3-ED9A-4C21-965D-A07C2AED75D2}.Release|Any CPU.Build.0 = Release|Any CPU
		{AA82EEB8-28DE-440B-A221-1B752EBFDC6C}.Debug|Any CPU.ActiveCfg = Debug|Any CPU
		{AA82EEB8-28DE-440B-A221-1B752EBFDC6C}.Debug|Any CPU.Build.0 = Debug|Any CPU
		{AA82EEB8-28DE-440B-A221-1B752EBFDC6C}.Release|Any CPU.ActiveCfg = Release|Any CPU
		{AA82EEB8-28DE-440B-A221-1B752EBFDC6C}.Release|Any CPU.Build.0 = Release|Any CPU
		{A55359E9-7B10-46E7-9BC3-6D2C1675B9AD}.Debug|Any CPU.ActiveCfg = Debug|Any CPU
		{A55359E9-7B10-46E7-9BC3-6D2C1675B9AD}.Debug|Any CPU.Build.0 = Debug|Any CPU
		{A55359E9-7B10-46E7-9BC3-6D2C1675B9AD}.Release|Any CPU.ActiveCfg = Release|Any CPU
		{A55359E9-7B10-46E7-9BC3-6D2C1675B9AD}.Release|Any CPU.Build.0 = Release|Any CPU
		{B5939600-101F-4773-8FB3-229B5F092FD8}.Debug|Any CPU.ActiveCfg = Debug|Any CPU
		{B5939600-101F-4773-8FB3-229B5F092FD8}.Debug|Any CPU.Build.0 = Debug|Any CPU
		{B5939600-101F-4773-8FB3-229B5F092FD8}.Release|Any CPU.ActiveCfg = Release|Any CPU
		{B5939600-101F-4773-8FB3-229B5F092FD8}.Release|Any CPU.Build.0 = Release|Any CPU
		{E00E32B3-570A-4A07-A076-AC5A48B0FAE6}.Debug|Any CPU.ActiveCfg = Debug|Any CPU
		{E00E32B3-570A-4A07-A076-AC5A48B0FAE6}.Debug|Any CPU.Build.0 = Debug|Any CPU
		{E00E32B3-570A-4A07-A076-AC5A48B0FAE6}.Release|Any CPU.ActiveCfg = Release|Any CPU
		{E00E32B3-570A-4A07-A076-AC5A48B0FAE6}.Release|Any CPU.Build.0 = Release|Any CPU
		{FFDB6484-6117-4A06-A363-C55352F821CD}.Debug|Any CPU.ActiveCfg = Debug|Any CPU
		{FFDB6484-6117-4A06-A363-C55352F821CD}.Debug|Any CPU.Build.0 = Debug|Any CPU
		{FFDB6484-6117-4A06-A363-C55352F821CD}.Release|Any CPU.ActiveCfg = Release|Any CPU
		{FFDB6484-6117-4A06-A363-C55352F821CD}.Release|Any CPU.Build.0 = Release|Any CPU
		{2922EA60-7882-4898-A6F0-3734B350A2DB}.Debug|Any CPU.ActiveCfg = Debug|Any CPU
		{2922EA60-7882-4898-A6F0-3734B350A2DB}.Debug|Any CPU.Build.0 = Debug|Any CPU
		{2922EA60-7882-4898-A6F0-3734B350A2DB}.Release|Any CPU.ActiveCfg = Release|Any CPU
		{2922EA60-7882-4898-A6F0-3734B350A2DB}.Release|Any CPU.Build.0 = Release|Any CPU
		{A28B9F94-E0D0-42A7-8F6F-912767FD34BA}.Debug|Any CPU.ActiveCfg = Debug|Any CPU
		{A28B9F94-E0D0-42A7-8F6F-912767FD34BA}.Debug|Any CPU.Build.0 = Debug|Any CPU
		{A28B9F94-E0D0-42A7-8F6F-912767FD34BA}.Release|Any CPU.ActiveCfg = Release|Any CPU
		{A28B9F94-E0D0-42A7-8F6F-912767FD34BA}.Release|Any CPU.Build.0 = Release|Any CPU
		{07C9480D-1363-4FC6-8F1C-CD846CC62864}.Debug|Any CPU.ActiveCfg = Debug|Any CPU
		{07C9480D-1363-4FC6-8F1C-CD846CC62864}.Debug|Any CPU.Build.0 = Debug|Any CPU
		{07C9480D-1363-4FC6-8F1C-CD846CC62864}.Release|Any CPU.ActiveCfg = Release|Any CPU
		{07C9480D-1363-4FC6-8F1C-CD846CC62864}.Release|Any CPU.Build.0 = Release|Any CPU
	EndGlobalSection
	GlobalSection(SolutionProperties) = preSolution
		HideSolutionNode = FALSE
	EndGlobalSection
	GlobalSection(NestedProjects) = preSolution
		{E349D5CD-7D7A-404C-9A1A-CA61B534CDD3} = {5EAB780C-96E8-4AD5-B27E-A08773FE6720}
		{0E263EF3-ED9A-4C21-965D-A07C2AED75D2} = {E349D5CD-7D7A-404C-9A1A-CA61B534CDD3}
		{CBB4FCB3-FDC7-447A-9707-6F02258B744A} = {5EAB780C-96E8-4AD5-B27E-A08773FE6720}
		{A55359E9-7B10-46E7-9BC3-6D2C1675B9AD} = {CBB4FCB3-FDC7-447A-9707-6F02258B744A}
		{87FC2387-173B-4947-9316-51D8445D4797} = {5EAB780C-96E8-4AD5-B27E-A08773FE6720}
		{B5939600-101F-4773-8FB3-229B5F092FD8} = {87FC2387-173B-4947-9316-51D8445D4797}
		{D2BF2C97-5A98-4720-A2E4-EF608740659B} = {5EAB780C-96E8-4AD5-B27E-A08773FE6720}
		{E00E32B3-570A-4A07-A076-AC5A48B0FAE6} = {D2BF2C97-5A98-4720-A2E4-EF608740659B}
		{FFDB6484-6117-4A06-A363-C55352F821CD} = {D2BF2C97-5A98-4720-A2E4-EF608740659B}
		{2922EA60-7882-4898-A6F0-3734B350A2DB} = {D2BF2C97-5A98-4720-A2E4-EF608740659B}
		{A28B9F94-E0D0-42A7-8F6F-912767FD34BA} = {D2BF2C97-5A98-4720-A2E4-EF608740659B}
		{02BC6A8E-6330-4737-9E72-314067E6A86B} = {5EAB780C-96E8-4AD5-B27E-A08773FE6720}
		{07C9480D-1363-4FC6-8F1C-CD846CC62864} = {02BC6A8E-6330-4737-9E72-314067E6A86B}
	EndGlobalSection
	GlobalSection(ExtensibilityGlobals) = postSolution
		SolutionGuid = {F8C5C8D1-49B4-42AC-93AE-D20CFD7B81CE}
	EndGlobalSection
EndGlobal
